
Microsoft Visual Studio Solution File, Format Version 12.00
# Visual Studio 2012
Project("{FAE04EC0-301F-11D3-BF4B-00C04F79EFBC}") = "app", "app\app.csproj", "{B0D2FA1C-8360-4C23-B249-BE0485405ECD}"
EndProject
Project("{FAE04EC0-301F-11D3-BF4B-00C04F79EFBC}") = "repository", "repository\repository.csproj", "{C8175976-5B6F-4EAB-B871-3FCC3C187191}"
EndProject
Global
	GlobalSection(SolutionConfigurationPlatforms) = preSolution
		Debug|Any CPU = Debug|Any CPU
		Release|Any CPU = Release|Any CPU
	EndGlobalSection
	GlobalSection(ProjectConfigurationPlatforms) = postSolution
		{B0D2FA1C-8360-4C23-B249-BE0485405ECD}.Debug|Any CPU.ActiveCfg = Debug|Any CPU
		{B0D2FA1C-8360-4C23-B249-BE0485405ECD}.Debug|Any CPU.Build.0 = Debug|Any CPU
		{B0D2FA1C-8360-4C23-B249-BE0485405ECD}.Release|Any CPU.ActiveCfg = Release|Any CPU
		{B0D2FA1C-8360-4C23-B249-BE0485405ECD}.Release|Any CPU.Build.0 = Release|Any CPU
		{C8175976-5B6F-4EAB-B871-3FCC3C187191}.Debug|Any CPU.ActiveCfg = Debug|Any CPU
		{C8175976-5B6F-4EAB-B871-3FCC3C187191}.Debug|Any CPU.Build.0 = Debug|Any CPU
		{C8175976-5B6F-4EAB-B871-3FCC3C187191}.Release|Any CPU.ActiveCfg = Release|Any CPU
		{C8175976-5B6F-4EAB-B871-3FCC3C187191}.Release|Any CPU.Build.0 = Release|Any CPU
	EndGlobalSection
	GlobalSection(SolutionProperties) = preSolution
		HideSolutionNode = FALSE
	EndGlobalSection
EndGlobal
